
Microsoft Visual Studio Solution File, Format Version 12.00
# Visual Studio Version 17
VisualStudioVersion = 17.9.34310.174
MinimumVisualStudioVersion = 10.0.40219.1
Project("{FAE04EC0-301F-11D3-BF4B-00C04F79EFBC}") = "EasyCash.WEB", "EasyCash.WEB\EasyCash.WEB.csproj", "{F092C40C-59CA-453D-BCB7-05F92E752568}"
EndProject
Project("{FAE04EC0-301F-11D3-BF4B-00C04F79EFBC}") = "EasyCash.Core", "EasyCash.Core\EasyCash.Core.csproj", "{ED9BB5A0-69F7-46ED-A692-5EE74514845E}"
EndProject
Project("{FAE04EC0-301F-11D3-BF4B-00C04F79EFBC}") = "EasyCash.Repository", "EasyCash.Repository\EasyCash.Repository.csproj", "{FC7FA403-D0BE-441F-9CD7-E1B242900416}"
EndProject
Project("{FAE04EC0-301F-11D3-BF4B-00C04F79EFBC}") = "EasyCash.Service", "EasyCash.Service\EasyCash.Service.csproj", "{D41C75B7-0022-4D5D-AF8B-22D0A2A92F97}"
EndProject
Project("{FAE04EC0-301F-11D3-BF4B-00C04F79EFBC}") = "EasyCash.API", "EasyCash.API\EasyCash.API.csproj", "{78083E09-C14A-4E54-B8F7-3277ADE9582D}"
EndProject
Global
	GlobalSection(SolutionConfigurationPlatforms) = preSolution
		Debug|Any CPU = Debug|Any CPU
		Release|Any CPU = Release|Any CPU
	EndGlobalSection
	GlobalSection(ProjectConfigurationPlatforms) = postSolution
		{F092C40C-59CA-453D-BCB7-05F92E752568}.Debug|Any CPU.ActiveCfg = Debug|Any CPU
		{F092C40C-59CA-453D-BCB7-05F92E752568}.Debug|Any CPU.Build.0 = Debug|Any CPU
		{F092C40C-59CA-453D-BCB7-05F92E752568}.Release|Any CPU.ActiveCfg = Release|Any CPU
		{F092C40C-59CA-453D-BCB7-05F92E752568}.Release|Any CPU.Build.0 = Release|Any CPU
		{ED9BB5A0-69F7-46ED-A692-5EE74514845E}.Debug|Any CPU.ActiveCfg = Debug|Any CPU
		{ED9BB5A0-69F7-46ED-A692-5EE74514845E}.Debug|Any CPU.Build.0 = Debug|Any CPU
		{ED9BB5A0-69F7-46ED-A692-5EE74514845E}.Release|Any CPU.ActiveCfg = Release|Any CPU
		{ED9BB5A0-69F7-46ED-A692-5EE74514845E}.Release|Any CPU.Build.0 = Release|Any CPU
		{FC7FA403-D0BE-441F-9CD7-E1B242900416}.Debug|Any CPU.ActiveCfg = Debug|Any CPU
		{FC7FA403-D0BE-441F-9CD7-E1B242900416}.Debug|Any CPU.Build.0 = Debug|Any CPU
		{FC7FA403-D0BE-441F-9CD7-E1B242900416}.Release|Any CPU.ActiveCfg = Release|Any CPU
		{FC7FA403-D0BE-441F-9CD7-E1B242900416}.Release|Any CPU.Build.0 = Release|Any CPU
		{D41C75B7-0022-4D5D-AF8B-22D0A2A92F97}.Debug|Any CPU.ActiveCfg = Debug|Any CPU
		{D41C75B7-0022-4D5D-AF8B-22D0A2A92F97}.Debug|Any CPU.Build.0 = Debug|Any CPU
		{D41C75B7-0022-4D5D-AF8B-22D0A2A92F97}.Release|Any CPU.ActiveCfg = Release|Any CPU
		{D41C75B7-0022-4D5D-AF8B-22D0A2A92F97}.Release|Any CPU.Build.0 = Release|Any CPU
		{78083E09-C14A-4E54-B8F7-3277ADE9582D}.Debug|Any CPU.ActiveCfg = Debug|Any CPU
		{78083E09-C14A-4E54-B8F7-3277ADE9582D}.Debug|Any CPU.Build.0 = Debug|Any CPU
		{78083E09-C14A-4E54-B8F7-3277ADE9582D}.Release|Any CPU.ActiveCfg = Release|Any CPU
		{78083E09-C14A-4E54-B8F7-3277ADE9582D}.Release|Any CPU.Build.0 = Release|Any CPU
	EndGlobalSection
	GlobalSection(SolutionProperties) = preSolution
		HideSolutionNode = FALSE
	EndGlobalSection
	GlobalSection(ExtensibilityGlobals) = postSolution
		SolutionGuid = {BE6259A4-6A79-4FEC-974A-3468F3586E85}
	EndGlobalSection
EndGlobal
